// !$*UTF8*$!
{
	archiveVersion = 1;
	classes = {
	};
	objectVersion = 55;
	objects = {

/* Begin PBXBuildFile section */
		E5BCAD3A272648D7001905E5 /* AppDelegate.swift in Sources */ = {isa = PBXBuildFile; fileRef = E5BCAD39272648D7001905E5 /* AppDelegate.swift */; };
		E5BCAD3C272648D7001905E5 /* SceneDelegate.swift in Sources */ = {isa = PBXBuildFile; fileRef = E5BCAD3B272648D7001905E5 /* SceneDelegate.swift */; };
		E5BCAD3E272648D7001905E5 /* ViewController.swift in Sources */ = {isa = PBXBuildFile; fileRef = E5BCAD3D272648D7001905E5 /* ViewController.swift */; };
		E5BCAD41272648D7001905E5 /* Main.storyboard in Resources */ = {isa = PBXBuildFile; fileRef = E5BCAD3F272648D7001905E5 /* Main.storyboard */; };
		E5BCAD43272648D9001905E5 /* Assets.xcassets in Resources */ = {isa = PBXBuildFile; fileRef = E5BCAD42272648D9001905E5 /* Assets.xcassets */; };
		E5BCAD46272648D9001905E5 /* LaunchScreen.storyboard in Resources */ = {isa = PBXBuildFile; fileRef = E5BCAD44272648D9001905E5 /* LaunchScreen.storyboard */; };
		E5BCAD5327264B4E001905E5 /* Box.swift in Sources */ = {isa = PBXBuildFile; fileRef = E5BCAD5227264B4E001905E5 /* Box.swift */; };
		E5BCAD5527265288001905E5 /* PreloadCellViewModel.swift in Sources */ = {isa = PBXBuildFile; fileRef = E5BCAD5427265288001905E5 /* PreloadCellViewModel.swift */; };
		E5BCAD572726528E001905E5 /* ImageModel.swift in Sources */ = {isa = PBXBuildFile; fileRef = E5BCAD562726528E001905E5 /* ImageModel.swift */; };
		E5BCAD5A2726579F001905E5 /* RobohashClient.swift in Sources */ = {isa = PBXBuildFile; fileRef = E5BCAD592726579F001905E5 /* RobohashClient.swift */; };
		E5BCAD5D272657DC001905E5 /* ProloadTableViewCell.swift in Sources */ = {isa = PBXBuildFile; fileRef = E5BCAD5C272657DC001905E5 /* ProloadTableViewCell.swift */; };
/* End PBXBuildFile section */

/* Begin PBXFileReference section */
		E5BCAD36272648D7001905E5 /* MVVMDataBinding.app */ = {isa = PBXFileReference; explicitFileType = wrapper.application; includeInIndex = 0; path = MVVMDataBinding.app; sourceTree = BUILT_PRODUCTS_DIR; };
		E5BCAD39272648D7001905E5 /* AppDelegate.swift */ = {isa = PBXFileReference; lastKnownFileType = sourcecode.swift; path = AppDelegate.swift; sourceTree = "<group>"; };
		E5BCAD3B272648D7001905E5 /* SceneDelegate.swift */ = {isa = PBXFileReference; lastKnownFileType = sourcecode.swift; path = SceneDelegate.swift; sourceTree = "<group>"; };
		E5BCAD3D272648D7001905E5 /* ViewController.swift */ = {isa = PBXFileReference; lastKnownFileType = sourcecode.swift; path = ViewController.swift; sourceTree = "<group>"; };
		E5BCAD40272648D7001905E5 /* Base */ = {isa = PBXFileReference; lastKnownFileType = file.storyboard; name = Base; path = Base.lproj/Main.storyboard; sourceTree = "<group>"; };
		E5BCAD42272648D9001905E5 /* Assets.xcassets */ = {isa = PBXFileReference; lastKnownFileType = folder.assetcatalog; path = Assets.xcassets; sourceTree = "<group>"; };
		E5BCAD45272648D9001905E5 /* Base */ = {isa = PBXFileReference; lastKnownFileType = file.storyboard; name = Base; path = Base.lproj/LaunchScreen.storyboard; sourceTree = "<group>"; };
		E5BCAD47272648D9001905E5 /* Info.plist */ = {isa = PBXFileReference; lastKnownFileType = text.plist.xml; path = Info.plist; sourceTree = "<group>"; };
		E5BCAD5227264B4E001905E5 /* Box.swift */ = {isa = PBXFileReference; lastKnownFileType = sourcecode.swift; path = Box.swift; sourceTree = "<group>"; };
		E5BCAD5427265288001905E5 /* PreloadCellViewModel.swift */ = {isa = PBXFileReference; fileEncoding = 4; lastKnownFileType = sourcecode.swift; path = PreloadCellViewModel.swift; sourceTree = "<group>"; };
		E5BCAD562726528E001905E5 /* ImageModel.swift */ = {isa = PBXFileReference; fileEncoding = 4; lastKnownFileType = sourcecode.swift; path = ImageModel.swift; sourceTree = "<group>"; };
		E5BCAD592726579F001905E5 /* RobohashClient.swift */ = {isa = PBXFileReference; fileEncoding = 4; lastKnownFileType = sourcecode.swift; path = RobohashClient.swift; sourceTree = "<group>"; };
		E5BCAD5C272657DC001905E5 /* ProloadTableViewCell.swift */ = {isa = PBXFileReference; fileEncoding = 4; lastKnownFileType = sourcecode.swift; path = ProloadTableViewCell.swift; sourceTree = "<group>"; };
/* End PBXFileReference section */

/* Begin PBXFrameworksBuildPhase section */
		E5BCAD33272648D7001905E5 /* Frameworks */ = {
			isa = PBXFrameworksBuildPhase;
			buildActionMask = 2147483647;
			files = (
			);
			runOnlyForDeploymentPostprocessing = 0;
		};
/* End PBXFrameworksBuildPhase section */

/* Begin PBXGroup section */
		E5BCAD2D272648D7001905E5 = {
			isa = PBXGroup;
			children = (
				E5BCAD38272648D7001905E5 /* MVVMDataBinding */,
				E5BCAD37272648D7001905E5 /* Products */,
			);
			sourceTree = "<group>";
		};
		E5BCAD37272648D7001905E5 /* Products */ = {
			isa = PBXGroup;
			children = (
				E5BCAD36272648D7001905E5 /* MVVMDataBinding.app */,
			);
			name = Products;
			sourceTree = "<group>";
		};
		E5BCAD38272648D7001905E5 /* MVVMDataBinding */ = {
			isa = PBXGroup;
			children = (
				E5BCAD5B272657C6001905E5 /* View */,
				E5BCAD5127264AEC001905E5 /* Utilities */,
				E5BCAD502726498F001905E5 /* ViewModel */,
				E5BCAD4F27264987001905E5 /* Model */,
				E5BCAD39272648D7001905E5 /* AppDelegate.swift */,
				E5BCAD3B272648D7001905E5 /* SceneDelegate.swift */,
				E5BCAD3D272648D7001905E5 /* ViewController.swift */,
				E5BCAD3F272648D7001905E5 /* Main.storyboard */,
				E5BCAD42272648D9001905E5 /* Assets.xcassets */,
				E5BCAD44272648D9001905E5 /* LaunchScreen.storyboard */,
				E5BCAD47272648D9001905E5 /* Info.plist */,
			);
			path = MVVMDataBinding;
			sourceTree = "<group>";
		};
		E5BCAD4F27264987001905E5 /* Model */ = {
			isa = PBXGroup;
			children = (
				E5BCAD562726528E001905E5 /* ImageModel.swift */,
			);
			path = Model;
			sourceTree = "<group>";
		};
		E5BCAD502726498F001905E5 /* ViewModel */ = {
			isa = PBXGroup;
			children = (
				E5BCAD5427265288001905E5 /* PreloadCellViewModel.swift */,
			);
			path = ViewModel;
			sourceTree = "<group>";
		};
		E5BCAD5127264AEC001905E5 /* Utilities */ = {
			isa = PBXGroup;
			children = (
				E5BCAD592726579F001905E5 /* RobohashClient.swift */,
				E5BCAD5227264B4E001905E5 /* Box.swift */,
			);
			path = Utilities;
			sourceTree = "<group>";
		};
		E5BCAD5B272657C6001905E5 /* View */ = {
			isa = PBXGroup;
			children = (
				E5BCAD5C272657DC001905E5 /* ProloadTableViewCell.swift */,
			);
			path = View;
			sourceTree = "<group>";
		};
/* End PBXGroup section */

/* Begin PBXNativeTarget section */
		E5BCAD35272648D7001905E5 /* MVVMDataBinding */ = {
			isa = PBXNativeTarget;
			buildConfigurationList = E5BCAD4A272648D9001905E5 /* Build configuration list for PBXNativeTarget "MVVMDataBinding" */;
			buildPhases = (
				E5BCAD32272648D7001905E5 /* Sources */,
				E5BCAD33272648D7001905E5 /* Frameworks */,
				E5BCAD34272648D7001905E5 /* Resources */,
			);
			buildRules = (
			);
			dependencies = (
			);
			name = MVVMDataBinding;
			productName = MVVMDataBinding;
			productReference = E5BCAD36272648D7001905E5 /* MVVMDataBinding.app */;
			productType = "com.apple.product-type.application";
		};
/* End PBXNativeTarget section */

/* Begin PBXProject section */
		E5BCAD2E272648D7001905E5 /* Project object */ = {
			isa = PBXProject;
			attributes = {
				BuildIndependentTargetsInParallel = 1;
				LastSwiftUpdateCheck = 1300;
				LastUpgradeCheck = 1300;
				TargetAttributes = {
					E5BCAD35272648D7001905E5 = {
						CreatedOnToolsVersion = 13.0;
					};
				};
			};
			buildConfigurationList = E5BCAD31272648D7001905E5 /* Build configuration list for PBXProject "MVVMDataBinding" */;
			compatibilityVersion = "Xcode 13.0";
			developmentRegion = en;
			hasScannedForEncodings = 0;
			knownRegions = (
				en,
				Base,
			);
			mainGroup = E5BCAD2D272648D7001905E5;
			productRefGroup = E5BCAD37272648D7001905E5 /* Products */;
			projectDirPath = "";
			projectRoot = "";
			targets = (
				E5BCAD35272648D7001905E5 /* MVVMDataBinding */,
			);
		};
/* End PBXProject section */

/* Begin PBXResourcesBuildPhase section */
		E5BCAD34272648D7001905E5 /* Resources */ = {
			isa = PBXResourcesBuildPhase;
			buildActionMask = 2147483647;
			files = (
				E5BCAD46272648D9001905E5 /* LaunchScreen.storyboard in Resources */,
				E5BCAD43272648D9001905E5 /* Assets.xcassets in Resources */,
				E5BCAD41272648D7001905E5 /* Main.storyboard in Resources */,
			);
			runOnlyForDeploymentPostprocessing = 0;
		};
/* End PBXResourcesBuildPhase section */

/* Begin PBXSourcesBuildPhase section */
		E5BCAD32272648D7001905E5 /* Sources */ = {
			isa = PBXSourcesBuildPhase;
			buildActionMask = 2147483647;
			files = (
				E5BCAD5A2726579F001905E5 /* RobohashClient.swift in Sources */,
				E5BCAD5D272657DC001905E5 /* ProloadTableViewCell.swift in Sources */,
				E5BCAD3E272648D7001905E5 /* ViewController.swift in Sources */,
				E5BCAD572726528E001905E5 /* ImageModel.swift in Sources */,
				E5BCAD5327264B4E001905E5 /* Box.swift in Sources */,
				E5BCAD3A272648D7001905E5 /* AppDelegate.swift in Sources */,
				E5BCAD3C272648D7001905E5 /* SceneDelegate.swift in Sources */,
				E5BCAD5527265288001905E5 /* PreloadCellViewModel.swift in Sources */,
			);
			runOnlyForDeploymentPostprocessing = 0;
		};
/* End PBXSourcesBuildPhase section */

/* Begin PBXVariantGroup section */
		E5BCAD3F272648D7001905E5 /* Main.storyboard */ = {
			isa = PBXVariantGroup;
			children = (
				E5BCAD40272648D7001905E5 /* Base */,
			);
			name = Main.storyboard;
			sourceTree = "<group>";
		};
		E5BCAD44272648D9001905E5 /* LaunchScreen.storyboard */ = {
			isa = PBXVariantGroup;
			children = (
				E5BCAD45272648D9001905E5 /* Base */,
			);
			name = LaunchScreen.storyboard;
			sourceTree = "<group>";
		};
/* End PBXVariantGroup section */

/* Begin XCBuildConfiguration section */
		E5BCAD48272648D9001905E5 /* Debug */ = {
			isa = XCBuildConfiguration;
			buildSettings = {
				ALWAYS_SEARCH_USER_PATHS = NO;
				CLANG_ANALYZER_NONNULL = YES;
				CLANG_ANALYZER_NUMBER_OBJECT_CONVERSION = YES_AGGRESSIVE;
				CLANG_CXX_LANGUAGE_STANDARD = "gnu++17";
				CLANG_CXX_LIBRARY = "libc++";
				CLANG_ENABLE_MODULES = YES;
				CLANG_ENABLE_OBJC_ARC = YES;
				CLANG_ENABLE_OBJC_WEAK = YES;
				CLANG_WARN_BLOCK_CAPTURE_AUTORELEASING = YES;
				CLANG_WARN_BOOL_CONVERSION = YES;
				CLANG_WARN_COMMA = YES;
				CLANG_WARN_CONSTANT_CONVERSION = YES;
				CLANG_WARN_DEPRECATED_OBJC_IMPLEMENTATIONS = YES;
				CLANG_WARN_DIRECT_OBJC_ISA_USAGE = YES_ERROR;
				CLANG_WARN_DOCUMENTATION_COMMENTS = YES;
				CLANG_WARN_EMPTY_BODY = YES;
				CLANG_WARN_ENUM_CONVERSION = YES;
				CLANG_WARN_INFINITE_RECURSION = YES;
				CLANG_WARN_INT_CONVERSION = YES;
				CLANG_WARN_NON_LITERAL_NULL_CONVERSION = YES;
				CLANG_WARN_OBJC_IMPLICIT_RETAIN_SELF = YES;
				CLANG_WARN_OBJC_LITERAL_CONVERSION = YES;
				CLANG_WARN_OBJC_ROOT_CLASS = YES_ERROR;
				CLANG_WARN_QUOTED_INCLUDE_IN_FRAMEWORK_HEADER = YES;
				CLANG_WARN_RANGE_LOOP_ANALYSIS = YES;
				CLANG_WARN_STRICT_PROTOTYPES = YES;
				CLANG_WARN_SUSPICIOUS_MOVE = YES;
				CLANG_WARN_UNGUARDED_AVAILABILITY = YES_AGGRESSIVE;
				CLANG_WARN_UNREACHABLE_CODE = YES;
				CLANG_WARN__DUPLICATE_METHOD_MATCH = YES;
				COPY_PHASE_STRIP = NO;
				DEBUG_INFORMATION_FORMAT = dwarf;
				ENABLE_STRICT_OBJC_MSGSEND = YES;
				ENABLE_TESTABILITY = YES;
				GCC_C_LANGUAGE_STANDARD = gnu11;
				GCC_DYNAMIC_NO_PIC = NO;
				GCC_NO_COMMON_BLOCKS = YES;
				GCC_OPTIMIZATION_LEVEL = 0;
				GCC_PREPROCESSOR_DEFINITIONS = (
					"DEBUG=1",
					"$(inherited)",
				);
				GCC_WARN_64_TO_32_BIT_CONVERSION = YES;
				GCC_WARN_ABOUT_RETURN_TYPE = YES_ERROR;
				GCC_WARN_UNDECLARED_SELECTOR = YES;
				GCC_WARN_UNINITIALIZED_AUTOS = YES_AGGRESSIVE;
				GCC_WARN_UNUSED_FUNCTION = YES;
				GCC_WARN_UNUSED_VARIABLE = YES;
				IPHONEOS_DEPLOYMENT_TARGET = 15.0;
				MTL_ENABLE_DEBUG_INFO = INCLUDE_SOURCE;
				MTL_FAST_MATH = YES;
				ONLY_ACTIVE_ARCH = YES;
				SDKROOT = iphoneos;
				SWIFT_ACTIVE_COMPILATION_CONDITIONS = DEBUG;
				SWIFT_OPTIMIZATION_LEVEL = "-Onone";
			};
			name = Debug;
		};
		E5BCAD49272648D9001905E5 /* Release */ = {
			isa = XCBuildConfiguration;
			buildSettings = {
				ALWAYS_SEARCH_USER_PATHS = NO;
				CLANG_ANALYZER_NONNULL = YES;
				CLANG_ANALYZER_NUMBER_OBJECT_CONVERSION = YES_AGGRESSIVE;
				CLANG_CXX_LANGUAGE_STANDARD = "gnu++17";
				CLANG_CXX_LIBRARY = "libc++";
				CLANG_ENABLE_MODULES = YES;
				CLANG_ENABLE_OBJC_ARC = YES;
				CLANG_ENABLE_OBJC_WEAK = YES;
				CLANG_WARN_BLOCK_CAPTURE_AUTORELEASING = YES;
				CLANG_WARN_BOOL_CONVERSION = YES;
				CLANG_WARN_COMMA = YES;
				CLANG_WARN_CONSTANT_CONVERSION = YES;
				CLANG_WARN_DEPRECATED_OBJC_IMPLEMENTATIONS = YES;
				CLANG_WARN_DIRECT_OBJC_ISA_USAGE = YES_ERROR;
				CLANG_WARN_DOCUMENTATION_COMMENTS = YES;
				CLANG_WARN_EMPTY_BODY = YES;
				CLANG_WARN_ENUM_CONVERSION = YES;
				CLANG_WARN_INFINITE_RECURSION = YES;
				CLANG_WARN_INT_CONVERSION = YES;
				CLANG_WARN_NON_LITERAL_NULL_CONVERSION = YES;
				CLANG_WARN_OBJC_IMPLICIT_RETAIN_SELF = YES;
				CLANG_WARN_OBJC_LITERAL_CONVERSION = YES;
				CLANG_WARN_OBJC_ROOT_CLASS = YES_ERROR;
				CLANG_WARN_QUOTED_INCLUDE_IN_FRAMEWORK_HEADER = YES;
				CLANG_WARN_RANGE_LOOP_ANALYSIS = YES;
				CLANG_WARN_STRICT_PROTOTYPES = YES;
				CLANG_WARN_SUSPICIOUS_MOVE = YES;
				CLANG_WARN_UNGUARDED_AVAILABILITY = YES_AGGRESSIVE;
				CLANG_WARN_UNREACHABLE_CODE = YES;
				CLANG_WARN__DUPLICATE_METHOD_MATCH = YES;
				COPY_PHASE_STRIP = NO;
				DEBUG_INFORMATION_FORMAT = "dwarf-with-dsym";
				ENABLE_NS_ASSERTIONS = NO;
				ENABLE_STRICT_OBJC_MSGSEND = YES;
				GCC_C_LANGUAGE_STANDARD = gnu11;
				GCC_NO_COMMON_BLOCKS = YES;
				GCC_WARN_64_TO_32_BIT_CONVERSION = YES;
				GCC_WARN_ABOUT_RETURN_TYPE = YES_ERROR;
				GCC_WARN_UNDECLARED_SELECTOR = YES;
				GCC_WARN_UNINITIALIZED_AUTOS = YES_AGGRESSIVE;
				GCC_WARN_UNUSED_FUNCTION = YES;
				GCC_WARN_UNUSED_VARIABLE = YES;
				IPHONEOS_DEPLOYMENT_TARGET = 15.0;
				MTL_ENABLE_DEBUG_INFO = NO;
				MTL_FAST_MATH = YES;
				SDKROOT = iphoneos;
				SWIFT_COMPILATION_MODE = wholemodule;
				SWIFT_OPTIMIZATION_LEVEL = "-O";
				VALIDATE_PRODUCT = YES;
			};
			name = Release;
		};
		E5BCAD4B272648D9001905E5 /* Debug */ = {
			isa = XCBuildConfiguration;
			buildSettings = {
				ASSETCATALOG_COMPILER_APPICON_NAME = AppIcon;
				ASSETCATALOG_COMPILER_GLOBAL_ACCENT_COLOR_NAME = AccentColor;
				CODE_SIGN_IDENTITY = "iPhone Developer";
				CODE_SIGN_STYLE = Manual;
				CURRENT_PROJECT_VERSION = 1;
				DEVELOPMENT_TEAM = WSSN499SLU;
				GENERATE_INFOPLIST_FILE = YES;
				INFOPLIST_FILE = MVVMDataBinding/Info.plist;
				INFOPLIST_KEY_UIApplicationSupportsIndirectInputEvents = YES;
				INFOPLIST_KEY_UILaunchStoryboardName = LaunchScreen;
				INFOPLIST_KEY_UIMainStoryboardFile = Main;
				INFOPLIST_KEY_UISupportedInterfaceOrientations_iPad = "UIInterfaceOrientationPortrait UIInterfaceOrientationPortraitUpsideDown UIInterfaceOrientationLandscapeLeft UIInterfaceOrientationLandscapeRight";
				INFOPLIST_KEY_UISupportedInterfaceOrientations_iPhone = "UIInterfaceOrientationPortrait UIInterfaceOrientationLandscapeLeft UIInterfaceOrientationLandscapeRight";
				LD_RUNPATH_SEARCH_PATHS = (
					"$(inherited)",
					"@executable_path/Frameworks",
				);
				MARKETING_VERSION = 1.0;
				PRODUCT_BUNDLE_IDENTIFIER = com.snailgames.MVVMDataBinding;
				PRODUCT_NAME = "$(TARGET_NAME)";
				PROVISIONING_PROFILE_SPECIFIER = UniversialDev;
				SWIFT_EMIT_LOC_STRINGS = YES;
				SWIFT_VERSION = 5.0;
				TARGETED_DEVICE_FAMILY = "1,2";
			};
			name = Debug;
		};
		E5BCAD4C272648D9001905E5 /* Release */ = {
			isa = XCBuildConfiguration;
			buildSettings = {
				ASSETCATALOG_COMPILER_APPICON_NAME = AppIcon;
				ASSETCATALOG_COMPILER_GLOBAL_ACCENT_COLOR_NAME = AccentColor;
				CODE_SIGN_IDENTITY = "iPhone Developer";
				CODE_SIGN_STYLE = Manual;
				CURRENT_PROJECT_VERSION = 1;
				DEVELOPMENT_TEAM = WSSN499SLU;
				GENERATE_INFOPLIST_FILE = YES;
				INFOPLIST_FILE = MVVMDataBinding/Info.plist;
				INFOPLIST_KEY_UIApplicationSupportsIndirectInputEvents = YES;
				INFOPLIST_KEY_UILaunchStoryboardName = LaunchScreen;
				INFOPLIST_KEY_UIMainStoryboardFile = Main;
				INFOPLIST_KEY_UISupportedInterfaceOrientations_iPad = "UIInterfaceOrientationPortrait UIInterfaceOrientationPortraitUpsideDown UIInterfaceOrientationLandscapeLeft UIInterfaceOrientationLandscapeRight";
				INFOPLIST_KEY_UISupportedInterfaceOrientations_iPhone = "UIInterfaceOrientationPortrait UIInterfaceOrientationLandscapeLeft UIInterfaceOrientationLandscapeRight";
				LD_RUNPATH_SEARCH_PATHS = (
					"$(inherited)",
					"@executable_path/Frameworks",
				);
				MARKETING_VERSION = 1.0;
				PRODUCT_BUNDLE_IDENTIFIER = com.snailgames.MVVMDataBinding;
				PRODUCT_NAME = "$(TARGET_NAME)";
				PROVISIONING_PROFILE_SPECIFIER = UniversialDev;
				SWIFT_EMIT_LOC_STRINGS = YES;
				SWIFT_VERSION = 5.0;
				TARGETED_DEVICE_FAMILY = "1,2";
			};
			name = Release;
		};
/* End XCBuildConfiguration section */

/* Begin XCConfigurationList section */
		E5BCAD31272648D7001905E5 /* Build configuration list for PBXProject "MVVMDataBinding" */ = {
			isa = XCConfigurationList;
			buildConfigurations = (
				E5BCAD48272648D9001905E5 /* Debug */,
				E5BCAD49272648D9001905E5 /* Release */,
			);
			defaultConfigurationIsVisible = 0;
			defaultConfigurationName = Release;
		};
		E5BCAD4A272648D9001905E5 /* Build configuration list for PBXNativeTarget "MVVMDataBinding" */ = {
			isa = XCConfigurationList;
			buildConfigurations = (
				E5BCAD4B272648D9001905E5 /* Debug */,
				E5BCAD4C272648D9001905E5 /* Release */,
			);
			defaultConfigurationIsVisible = 0;
			defaultConfigurationName = Release;
		};
/* End XCConfigurationList section */
	};
	rootObject = E5BCAD2E272648D7001905E5 /* Project object */;
}
